
Microsoft Visual Studio Solution File, Format Version 12.00
# Visual Studio Version 16
VisualStudioVersion = 16.0.31729.503
MinimumVisualStudioVersion = 10.0.40219.1
Project("{9A19103F-16F7-4668-BE54-9A1E7A4F7556}") = "Exam", "Exam\Exam.csproj", "{D97B5B8F-5A9A-4EA2-B949-C1E5C0619C99}"
EndProject
Project("{FAE04EC0-301F-11D3-BF4B-00C04F79EFBC}") = "Wired", "Wired\Wired.csproj", "{EEBBF199-1033-4D73-95A8-7880A84CE1F9}"
EndProject
Global
	GlobalSection(SolutionConfigurationPlatforms) = preSolution
		Debug|Any CPU = Debug|Any CPU
		Release|Any CPU = Release|Any CPU
	EndGlobalSection
	GlobalSection(ProjectConfigurationPlatforms) = postSolution
		{D97B5B8F-5A9A-4EA2-B949-C1E5C0619C99}.Debug|Any CPU.ActiveCfg = Debug|Any CPU
		{D97B5B8F-5A9A-4EA2-B949-C1E5C0619C99}.Debug|Any CPU.Build.0 = Debug|Any CPU
		{D97B5B8F-5A9A-4EA2-B949-C1E5C0619C99}.Release|Any CPU.ActiveCfg = Release|Any CPU
		{D97B5B8F-5A9A-4EA2-B949-C1E5C0619C99}.Release|Any CPU.Build.0 = Release|Any CPU
		{EEBBF199-1033-4D73-95A8-7880A84CE1F9}.Debug|Any CPU.ActiveCfg = Debug|Any CPU
		{EEBBF199-1033-4D73-95A8-7880A84CE1F9}.Debug|Any CPU.Build.0 = Debug|Any CPU
		{EEBBF199-1033-4D73-95A8-7880A84CE1F9}.Release|Any CPU.ActiveCfg = Release|Any CPU
		{EEBBF199-1033-4D73-95A8-7880A84CE1F9}.Release|Any CPU.Build.0 = Release|Any CPU
	EndGlobalSection
	GlobalSection(SolutionProperties) = preSolution
		HideSolutionNode = FALSE
	EndGlobalSection
	GlobalSection(ExtensibilityGlobals) = postSolution
		SolutionGuid = {0D07275C-94BA-488D-AF0A-86CB4EFD7951}
	EndGlobalSection
EndGlobal
